
Microsoft Visual Studio Solution File, Format Version 12.00
# Visual Studio 2013
VisualStudioVersion = 12.0.21005.1
MinimumVisualStudioVersion = 10.0.40219.1
Project("{FAE04EC0-301F-11D3-BF4B-00C04F79EFBC}") = "client_train", "client_train\client_train.csproj", "{CE6EF30F-77E2-42AE-A91B-6E79FEE8F648}"
EndProject
Global
	GlobalSection(SolutionConfigurationPlatforms) = preSolution
		Debug|Any CPU = Debug|Any CPU
		Release|Any CPU = Release|Any CPU
	EndGlobalSection
	GlobalSection(ProjectConfigurationPlatforms) = postSolution
		{CE6EF30F-77E2-42AE-A91B-6E79FEE8F648}.Debug|Any CPU.ActiveCfg = Debug|Any CPU
		{CE6EF30F-77E2-42AE-A91B-6E79FEE8F648}.Debug|Any CPU.Build.0 = Debug|Any CPU
		{CE6EF30F-77E2-42AE-A91B-6E79FEE8F648}.Release|Any CPU.ActiveCfg = Release|Any CPU
		{CE6EF30F-77E2-42AE-A91B-6E79FEE8F648}.Release|Any CPU.Build.0 = Release|Any CPU
	EndGlobalSection
	GlobalSection(SolutionProperties) = preSolution
		HideSolutionNode = FALSE
	EndGlobalSection
EndGlobal
